
Microsoft Visual Studio Solution File, Format Version 12.00
# Visual Studio Version 16
VisualStudioVersion = 16.0.30503.244
MinimumVisualStudioVersion = 10.0.40219.1
Project("{FAE04EC0-301F-11D3-BF4B-00C04F79EFBC}") = "Uri1004", "Uri1004\Uri1004.csproj", "{4771828C-49F6-46B5-9EC5-554568D6353D}"
EndProject
Global
	GlobalSection(SolutionConfigurationPlatforms) = preSolution
		Debug|Any CPU = Debug|Any CPU
		Release|Any CPU = Release|Any CPU
	EndGlobalSection
	GlobalSection(ProjectConfigurationPlatforms) = postSolution
		{4771828C-49F6-46B5-9EC5-554568D6353D}.Debug|Any CPU.ActiveCfg = Debug|Any CPU
		{4771828C-49F6-46B5-9EC5-554568D6353D}.Debug|Any CPU.Build.0 = Debug|Any CPU
		{4771828C-49F6-46B5-9EC5-554568D6353D}.Release|Any CPU.ActiveCfg = Release|Any CPU
		{4771828C-49F6-46B5-9EC5-554568D6353D}.Release|Any CPU.Build.0 = Release|Any CPU
	EndGlobalSection
	GlobalSection(SolutionProperties) = preSolution
		HideSolutionNode = FALSE
	EndGlobalSection
	GlobalSection(ExtensibilityGlobals) = postSolution
		SolutionGuid = {DD0D64B2-46AD-445A-A5BE-BDDC9636BEA2}
	EndGlobalSection
EndGlobal
